// !$*UTF8*$!
{
	archiveVersion = 1;
	classes = {
	};
	objectVersion = 46;
	objects = {

/* Begin PBXBuildFile section */
		D68535C51BBB692F007CFD48 /* AppDelegate.swift in Sources */ = {isa = PBXBuildFile; fileRef = D68535C41BBB692F007CFD48 /* AppDelegate.swift */; };
		D68535C71BBB692F007CFD48 /* ViewController.swift in Sources */ = {isa = PBXBuildFile; fileRef = D68535C61BBB692F007CFD48 /* ViewController.swift */; };
		D68535CA1BBB692F007CFD48 /* Main.storyboard in Resources */ = {isa = PBXBuildFile; fileRef = D68535C81BBB692F007CFD48 /* Main.storyboard */; };
		D68535CD1BBB692F007CFD48 /* BluetoothTest.xcdatamodeld in Sources */ = {isa = PBXBuildFile; fileRef = D68535CB1BBB692F007CFD48 /* BluetoothTest.xcdatamodeld */; };
		D68535CF1BBB692F007CFD48 /* Assets.xcassets in Resources */ = {isa = PBXBuildFile; fileRef = D68535CE1BBB692F007CFD48 /* Assets.xcassets */; };
		D68535D21BBB692F007CFD48 /* LaunchScreen.storyboard in Resources */ = {isa = PBXBuildFile; fileRef = D68535D01BBB692F007CFD48 /* LaunchScreen.storyboard */; };
		D68535DD1BBB6930007CFD48 /* BluetoothTestTests.swift in Sources */ = {isa = PBXBuildFile; fileRef = D68535DC1BBB6930007CFD48 /* BluetoothTestTests.swift */; };
		D68535E81BBB6930007CFD48 /* BluetoothTestUITests.swift in Sources */ = {isa = PBXBuildFile; fileRef = D68535E71BBB6930007CFD48 /* BluetoothTestUITests.swift */; };
/* End PBXBuildFile section */

/* Begin PBXContainerItemProxy section */
		D68535D91BBB6930007CFD48 /* PBXContainerItemProxy */ = {
			isa = PBXContainerItemProxy;
			containerPortal = D68535B91BBB692F007CFD48 /* Project object */;
			proxyType = 1;
			remoteGlobalIDString = D68535C01BBB692F007CFD48;
			remoteInfo = BluetoothTest;
		};
		D68535E41BBB6930007CFD48 /* PBXContainerItemProxy */ = {
			isa = PBXContainerItemProxy;
			containerPortal = D68535B91BBB692F007CFD48 /* Project object */;
			proxyType = 1;
			remoteGlobalIDString = D68535C01BBB692F007CFD48;
			remoteInfo = BluetoothTest;
		};
/* End PBXContainerItemProxy section */

/* Begin PBXFileReference section */
		D68535C11BBB692F007CFD48 /* BluetoothTest.app */ = {isa = PBXFileReference; explicitFileType = wrapper.application; includeInIndex = 0; path = BluetoothTest.app; sourceTree = BUILT_PRODUCTS_DIR; };
		D68535C41BBB692F007CFD48 /* AppDelegate.swift */ = {isa = PBXFileReference; lastKnownFileType = sourcecode.swift; path = AppDelegate.swift; sourceTree = "<group>"; };
		D68535C61BBB692F007CFD48 /* ViewController.swift */ = {isa = PBXFileReference; lastKnownFileType = sourcecode.swift; path = ViewController.swift; sourceTree = "<group>"; };
		D68535C91BBB692F007CFD48 /* Base */ = {isa = PBXFileReference; lastKnownFileType = file.storyboard; name = Base; path = Base.lproj/Main.storyboard; sourceTree = "<group>"; };
		D68535CC1BBB692F007CFD48 /* BluetoothTest.xcdatamodel */ = {isa = PBXFileReference; lastKnownFileType = wrapper.xcdatamodel; path = BluetoothTest.xcdatamodel; sourceTree = "<group>"; };
		D68535CE1BBB692F007CFD48 /* Assets.xcassets */ = {isa = PBXFileReference; lastKnownFileType = folder.assetcatalog; path = Assets.xcassets; sourceTree = "<group>"; };
		D68535D11BBB692F007CFD48 /* Base */ = {isa = PBXFileReference; lastKnownFileType = file.storyboard; name = Base; path = Base.lproj/LaunchScreen.storyboard; sourceTree = "<group>"; };
		D68535D31BBB692F007CFD48 /* Info.plist */ = {isa = PBXFileReference; lastKnownFileType = text.plist.xml; path = Info.plist; sourceTree = "<group>"; };
		D68535D81BBB6930007CFD48 /* BluetoothTestTests.xctest */ = {isa = PBXFileReference; explicitFileType = wrapper.cfbundle; includeInIndex = 0; path = BluetoothTestTests.xctest; sourceTree = BUILT_PRODUCTS_DIR; };
		D68535DC1BBB6930007CFD48 /* BluetoothTestTests.swift */ = {isa = PBXFileReference; lastKnownFileType = sourcecode.swift; path = BluetoothTestTests.swift; sourceTree = "<group>"; };
		D68535DE1BBB6930007CFD48 /* Info.plist */ = {isa = PBXFileReference; lastKnownFileType = text.plist.xml; path = Info.plist; sourceTree = "<group>"; };
		D68535E31BBB6930007CFD48 /* BluetoothTestUITests.xctest */ = {isa = PBXFileReference; explicitFileType = wrapper.cfbundle; includeInIndex = 0; path = BluetoothTestUITests.xctest; sourceTree = BUILT_PRODUCTS_DIR; };
		D68535E71BBB6930007CFD48 /* BluetoothTestUITests.swift */ = {isa = PBXFileReference; lastKnownFileType = sourcecode.swift; path = BluetoothTestUITests.swift; sourceTree = "<group>"; };
		D68535E91BBB6930007CFD48 /* Info.plist */ = {isa = PBXFileReference; lastKnownFileType = text.plist.xml; path = Info.plist; sourceTree = "<group>"; };
/* End PBXFileReference section */

/* Begin PBXFrameworksBuildPhase section */
		D68535BE1BBB692F007CFD48 /* Frameworks */ = {
			isa = PBXFrameworksBuildPhase;
			buildActionMask = 2147483647;
			files = (
			);
			runOnlyForDeploymentPostprocessing = 0;
		};
		D68535D51BBB6930007CFD48 /* Frameworks */ = {
			isa = PBXFrameworksBuildPhase;
			buildActionMask = 2147483647;
			files = (
			);
			runOnlyForDeploymentPostprocessing = 0;
		};
		D68535E01BBB6930007CFD48 /* Frameworks */ = {
			isa = PBXFrameworksBuildPhase;
			buildActionMask = 2147483647;
			files = (
			);
			runOnlyForDeploymentPostprocessing = 0;
		};
/* End PBXFrameworksBuildPhase section */

/* Begin PBXGroup section */
		D68535B81BBB692F007CFD48 = {
			isa = PBXGroup;
			children = (
				D68535C31BBB692F007CFD48 /* BluetoothTest */,
				D68535DB1BBB6930007CFD48 /* BluetoothTestTests */,
				D68535E61BBB6930007CFD48 /* BluetoothTestUITests */,
				D68535C21BBB692F007CFD48 /* Products */,
			);
			sourceTree = "<group>";
		};
		D68535C21BBB692F007CFD48 /* Products */ = {
			isa = PBXGroup;
			children = (
				D68535C11BBB692F007CFD48 /* BluetoothTest.app */,
				D68535D81BBB6930007CFD48 /* BluetoothTestTests.xctest */,
				D68535E31BBB6930007CFD48 /* BluetoothTestUITests.xctest */,
			);
			name = Products;
			sourceTree = "<group>";
		};
		D68535C31BBB692F007CFD48 /* BluetoothTest */ = {
			isa = PBXGroup;
			children = (
				D68535C41BBB692F007CFD48 /* AppDelegate.swift */,
				D68535C61BBB692F007CFD48 /* ViewController.swift */,
				D68535C81BBB692F007CFD48 /* Main.storyboard */,
				D68535CE1BBB692F007CFD48 /* Assets.xcassets */,
				D68535D01BBB692F007CFD48 /* LaunchScreen.storyboard */,
				D68535D31BBB692F007CFD48 /* Info.plist */,
				D68535CB1BBB692F007CFD48 /* BluetoothTest.xcdatamodeld */,
			);
			path = BluetoothTest;
			sourceTree = "<group>";
		};
		D68535DB1BBB6930007CFD48 /* BluetoothTestTests */ = {
			isa = PBXGroup;
			children = (
				D68535DC1BBB6930007CFD48 /* BluetoothTestTests.swift */,
				D68535DE1BBB6930007CFD48 /* Info.plist */,
			);
			path = BluetoothTestTests;
			sourceTree = "<group>";
		};
		D68535E61BBB6930007CFD48 /* BluetoothTestUITests */ = {
			isa = PBXGroup;
			children = (
				D68535E71BBB6930007CFD48 /* BluetoothTestUITests.swift */,
				D68535E91BBB6930007CFD48 /* Info.plist */,
			);
			path = BluetoothTestUITests;
			sourceTree = "<group>";
		};
/* End PBXGroup section */

/* Begin PBXNativeTarget section */
		D68535C01BBB692F007CFD48 /* BluetoothTest */ = {
			isa = PBXNativeTarget;
			buildConfigurationList = D68535EC1BBB6930007CFD48 /* Build configuration list for PBXNativeTarget "BluetoothTest" */;
			buildPhases = (
				D68535BD1BBB692F007CFD48 /* Sources */,
				D68535BE1BBB692F007CFD48 /* Frameworks */,
				D68535BF1BBB692F007CFD48 /* Resources */,
			);
			buildRules = (
			);
			dependencies = (
			);
			name = BluetoothTest;
			productName = BluetoothTest;
			productReference = D68535C11BBB692F007CFD48 /* BluetoothTest.app */;
			productType = "com.apple.product-type.application";
		};
		D68535D71BBB6930007CFD48 /* BluetoothTestTests */ = {
			isa = PBXNativeTarget;
			buildConfigurationList = D68535EF1BBB6930007CFD48 /* Build configuration list for PBXNativeTarget "BluetoothTestTests" */;
			buildPhases = (
				D68535D41BBB6930007CFD48 /* Sources */,
				D68535D51BBB6930007CFD48 /* Frameworks */,
				D68535D61BBB6930007CFD48 /* Resources */,
			);
			buildRules = (
			);
			dependencies = (
				D68535DA1BBB6930007CFD48 /* PBXTargetDependency */,
			);
			name = BluetoothTestTests;
			productName = BluetoothTestTests;
			productReference = D68535D81BBB6930007CFD48 /* BluetoothTestTests.xctest */;
			productType = "com.apple.product-type.bundle.unit-test";
		};
		D68535E21BBB6930007CFD48 /* BluetoothTestUITests */ = {
			isa = PBXNativeTarget;
			buildConfigurationList = D68535F21BBB6930007CFD48 /* Build configuration list for PBXNativeTarget "BluetoothTestUITests" */;
			buildPhases = (
				D68535DF1BBB6930007CFD48 /* Sources */,
				D68535E01BBB6930007CFD48 /* Frameworks */,
				D68535E11BBB6930007CFD48 /* Resources */,
			);
			buildRules = (
			);
			dependencies = (
				D68535E51BBB6930007CFD48 /* PBXTargetDependency */,
			);
			name = BluetoothTestUITests;
			productName = BluetoothTestUITests;
			productReference = D68535E31BBB6930007CFD48 /* BluetoothTestUITests.xctest */;
			productType = "com.apple.product-type.bundle.ui-testing";
		};
/* End PBXNativeTarget section */

/* Begin PBXProject section */
		D68535B91BBB692F007CFD48 /* Project object */ = {
			isa = PBXProject;
			attributes = {
				LastUpgradeCheck = 0700;
				ORGANIZATIONNAME = "yang liu";
				TargetAttributes = {
					D68535C01BBB692F007CFD48 = {
						CreatedOnToolsVersion = 7.0;
					};
					D68535D71BBB6930007CFD48 = {
						CreatedOnToolsVersion = 7.0;
						TestTargetID = D68535C01BBB692F007CFD48;
					};
					D68535E21BBB6930007CFD48 = {
						CreatedOnToolsVersion = 7.0;
						TestTargetID = D68535C01BBB692F007CFD48;
					};
				};
			};
			buildConfigurationList = D68535BC1BBB692F007CFD48 /* Build configuration list for PBXProject "BluetoothTest" */;
			compatibilityVersion = "Xcode 3.2";
			developmentRegion = English;
			hasScannedForEncodings = 0;
			knownRegions = (
				en,
				Base,
			);
			mainGroup = D68535B81BBB692F007CFD48;
			productRefGroup = D68535C21BBB692F007CFD48 /* Products */;
			projectDirPath = "";
			projectRoot = "";
			targets = (
				D68535C01BBB692F007CFD48 /* BluetoothTest */,
				D68535D71BBB6930007CFD48 /* BluetoothTestTests */,
				D68535E21BBB6930007CFD48 /* BluetoothTestUITests */,
			);
		};
/* End PBXProject section */

/* Begin PBXResourcesBuildPhase section */
		D68535BF1BBB692F007CFD48 /* Resources */ = {
			isa = PBXResourcesBuildPhase;
			buildActionMask = 2147483647;
			files = (
				D68535D21BBB692F007CFD48 /* LaunchScreen.storyboard in Resources */,
				D68535CF1BBB692F007CFD48 /* Assets.xcassets in Resources */,
				D68535CA1BBB692F007CFD48 /* Main.storyboard in Resources */,
			);
			runOnlyForDeploymentPostprocessing = 0;
		};
		D68535D61BBB6930007CFD48 /* Resources */ = {
			isa = PBXResourcesBuildPhase;
			buildActionMask = 2147483647;
			files = (
			);
			runOnlyForDeploymentPostprocessing = 0;
		};
		D68535E11BBB6930007CFD48 /* Resources */ = {
			isa = PBXResourcesBuildPhase;
			buildActionMask = 2147483647;
			files = (
			);
			runOnlyForDeploymentPostprocessing = 0;
		};
/* End PBXResourcesBuildPhase section */

/* Begin PBXSourcesBuildPhase section */
		D68535BD1BBB692F007CFD48 /* Sources */ = {
			isa = PBXSourcesBuildPhase;
			buildActionMask = 2147483647;
			files = (
				D68535C71BBB692F007CFD48 /* ViewController.swift in Sources */,
				D68535C51BBB692F007CFD48 /* AppDelegate.swift in Sources */,
				D68535CD1BBB692F007CFD48 /* BluetoothTest.xcdatamodeld in Sources */,
			);
			runOnlyForDeploymentPostprocessing = 0;
		};
		D68535D41BBB6930007CFD48 /* Sources */ = {
			isa = PBXSourcesBuildPhase;
			buildActionMask = 2147483647;
			files = (
				D68535DD1BBB6930007CFD48 /* BluetoothTestTests.swift in Sources */,
			);
			runOnlyForDeploymentPostprocessing = 0;
		};
		D68535DF1BBB6930007CFD48 /* Sources */ = {
			isa = PBXSourcesBuildPhase;
			buildActionMask = 2147483647;
			files = (
				D68535E81BBB6930007CFD48 /* BluetoothTestUITests.swift in Sources */,
			);
			runOnlyForDeploymentPostprocessing = 0;
		};
/* End PBXSourcesBuildPhase section */

/* Begin PBXTargetDependency section */
		D68535DA1BBB6930007CFD48 /* PBXTargetDependency */ = {
			isa = PBXTargetDependency;
			target = D68535C01BBB692F007CFD48 /* BluetoothTest */;
			targetProxy = D68535D91BBB6930007CFD48 /* PBXContainerItemProxy */;
		};
		D68535E51BBB6930007CFD48 /* PBXTargetDependency */ = {
			isa = PBXTargetDependency;
			target = D68535C01BBB692F007CFD48 /* BluetoothTest */;
			targetProxy = D68535E41BBB6930007CFD48 /* PBXContainerItemProxy */;
		};
/* End PBXTargetDependency section */

/* Begin PBXVariantGroup section */
		D68535C81BBB692F007CFD48 /* Main.storyboard */ = {
			isa = PBXVariantGroup;
			children = (
				D68535C91BBB692F007CFD48 /* Base */,
			);
			name = Main.storyboard;
			sourceTree = "<group>";
		};
		D68535D01BBB692F007CFD48 /* LaunchScreen.storyboard */ = {
			isa = PBXVariantGroup;
			children = (
				D68535D11BBB692F007CFD48 /* Base */,
			);
			name = LaunchScreen.storyboard;
			sourceTree = "<group>";
		};
/* End PBXVariantGroup section */

/* Begin XCBuildConfiguration section */
		D68535EA1BBB6930007CFD48 /* Debug */ = {
			isa = XCBuildConfiguration;
			buildSettings = {
				ALWAYS_SEARCH_USER_PATHS = NO;
				CLANG_CXX_LANGUAGE_STANDARD = "gnu++0x";
				CLANG_CXX_LIBRARY = "libc++";
				CLANG_ENABLE_MODULES = YES;
				CLANG_ENABLE_OBJC_ARC = YES;
				CLANG_WARN_BOOL_CONVERSION = YES;
				CLANG_WARN_CONSTANT_CONVERSION = YES;
				CLANG_WARN_DIRECT_OBJC_ISA_USAGE = YES_ERROR;
				CLANG_WARN_EMPTY_BODY = YES;
				CLANG_WARN_ENUM_CONVERSION = YES;
				CLANG_WARN_INT_CONVERSION = YES;
				CLANG_WARN_OBJC_ROOT_CLASS = YES_ERROR;
				CLANG_WARN_UNREACHABLE_CODE = YES;
				CLANG_WARN__DUPLICATE_METHOD_MATCH = YES;
				"CODE_SIGN_IDENTITY[sdk=iphoneos*]" = "iPhone Developer";
				COPY_PHASE_STRIP = NO;
				DEBUG_INFORMATION_FORMAT = dwarf;
				ENABLE_STRICT_OBJC_MSGSEND = YES;
				ENABLE_TESTABILITY = YES;
				GCC_C_LANGUAGE_STANDARD = gnu99;
				GCC_DYNAMIC_NO_PIC = NO;
				GCC_NO_COMMON_BLOCKS = YES;
				GCC_OPTIMIZATION_LEVEL = 0;
				GCC_PREPROCESSOR_DEFINITIONS = (
					"DEBUG=1",
					"$(inherited)",
				);
				GCC_WARN_64_TO_32_BIT_CONVERSION = YES;
				GCC_WARN_ABOUT_RETURN_TYPE = YES_ERROR;
				GCC_WARN_UNDECLARED_SELECTOR = YES;
				GCC_WARN_UNINITIALIZED_AUTOS = YES_AGGRESSIVE;
				GCC_WARN_UNUSED_FUNCTION = YES;
				GCC_WARN_UNUSED_VARIABLE = YES;
				IPHONEOS_DEPLOYMENT_TARGET = 9.0;
				MTL_ENABLE_DEBUG_INFO = YES;
				ONLY_ACTIVE_ARCH = YES;
				SDKROOT = iphoneos;
				SWIFT_OPTIMIZATION_LEVEL = "-Onone";
			};
			name = Debug;
		};
		D68535EB1BBB6930007CFD48 /* Release */ = {
			isa = XCBuildConfiguration;
			buildSettings = {
				ALWAYS_SEARCH_USER_PATHS = NO;
				CLANG_CXX_LANGUAGE_STANDARD = "gnu++0x";
				CLANG_CXX_LIBRARY = "libc++";
				CLANG_ENABLE_MODULES = YES;
				CLANG_ENABLE_OBJC_ARC = YES;
				CLANG_WARN_BOOL_CONVERSION = YES;
				CLANG_WARN_CONSTANT_CONVERSION = YES;
				CLANG_WARN_DIRECT_OBJC_ISA_USAGE = YES_ERROR;
				CLANG_WARN_EMPTY_BODY = YES;
				CLANG_WARN_ENUM_CONVERSION = YES;
				CLANG_WARN_INT_CONVERSION = YES;
				CLANG_WARN_OBJC_ROOT_CLASS = YES_ERROR;
				CLANG_WARN_UNREACHABLE_CODE = YES;
				CLANG_WARN__DUPLICATE_METHOD_MATCH = YES;
				"CODE_SIGN_IDENTITY[sdk=iphoneos*]" = "iPhone Developer";
				COPY_PHASE_STRIP = NO;
				DEBUG_INFORMATION_FORMAT = "dwarf-with-dsym";
				ENABLE_NS_ASSERTIONS = NO;
				ENABLE_STRICT_OBJC_MSGSEND = YES;
				GCC_C_LANGUAGE_STANDARD = gnu99;
				GCC_NO_COMMON_BLOCKS = YES;
				GCC_WARN_64_TO_32_BIT_CONVERSION = YES;
				GCC_WARN_ABOUT_RETURN_TYPE = YES_ERROR;
				GCC_WARN_UNDECLARED_SELECTOR = YES;
				GCC_WARN_UNINITIALIZED_AUTOS = YES_AGGRESSIVE;
				GCC_WARN_UNUSED_FUNCTION = YES;
				GCC_WARN_UNUSED_VARIABLE = YES;
				IPHONEOS_DEPLOYMENT_TARGET = 9.0;
				MTL_ENABLE_DEBUG_INFO = NO;
				SDKROOT = iphoneos;
				VALIDATE_PRODUCT = YES;
			};
			name = Release;
		};
		D68535ED1BBB6930007CFD48 /* Debug */ = {
			isa = XCBuildConfiguration;
			buildSettings = {
				ASSETCATALOG_COMPILER_APPICON_NAME = AppIcon;
				INFOPLIST_FILE = BluetoothTest/Info.plist;
				LD_RUNPATH_SEARCH_PATHS = "$(inherited) @executable_path/Frameworks";
				PRODUCT_BUNDLE_IDENTIFIER = org.liuyang.BluetoothTest;
				PRODUCT_NAME = "$(TARGET_NAME)";
			};
			name = Debug;
		};
		D68535EE1BBB6930007CFD48 /* Release */ = {
			isa = XCBuildConfiguration;
			buildSettings = {
				ASSETCATALOG_COMPILER_APPICON_NAME = AppIcon;
				INFOPLIST_FILE = BluetoothTest/Info.plist;
				LD_RUNPATH_SEARCH_PATHS = "$(inherited) @executable_path/Frameworks";
				PRODUCT_BUNDLE_IDENTIFIER = org.liuyang.BluetoothTest;
				PRODUCT_NAME = "$(TARGET_NAME)";
			};
			name = Release;
		};
		D68535F01BBB6930007CFD48 /* Debug */ = {
			isa = XCBuildConfiguration;
			buildSettings = {
				BUNDLE_LOADER = "$(TEST_HOST)";
				INFOPLIST_FILE = BluetoothTestTests/Info.plist;
				LD_RUNPATH_SEARCH_PATHS = "$(inherited) @executable_path/Frameworks @loader_path/Frameworks";
				PRODUCT_BUNDLE_IDENTIFIER = org.liuyang.BluetoothTestTests;
				PRODUCT_NAME = "$(TARGET_NAME)";
				TEST_HOST = "$(BUILT_PRODUCTS_DIR)/BluetoothTest.app/BluetoothTest";
			};
			name = Debug;
		};
		D68535F11BBB6930007CFD48 /* Release */ = {
			isa = XCBuildConfiguration;
			buildSettings = {
				BUNDLE_LOADER = "$(TEST_HOST)";
				INFOPLIST_FILE = BluetoothTestTests/Info.plist;
				LD_RUNPATH_SEARCH_PATHS = "$(inherited) @executable_path/Frameworks @loader_path/Frameworks";
				PRODUCT_BUNDLE_IDENTIFIER = org.liuyang.BluetoothTestTests;
				PRODUCT_NAME = "$(TARGET_NAME)";
				TEST_HOST = "$(BUILT_PRODUCTS_DIR)/BluetoothTest.app/BluetoothTest";
			};
			name = Release;
		};
		D68535F31BBB6930007CFD48 /* Debug */ = {
			isa = XCBuildConfiguration;
			buildSettings = {
				INFOPLIST_FILE = BluetoothTestUITests/Info.plist;
				LD_RUNPATH_SEARCH_PATHS = "$(inherited) @executable_path/Frameworks @loader_path/Frameworks";
				PRODUCT_BUNDLE_IDENTIFIER = org.liuyang.BluetoothTestUITests;
				PRODUCT_NAME = "$(TARGET_NAME)";
				TEST_TARGET_NAME = BluetoothTest;
				USES_XCTRUNNER = YES;
			};
			name = Debug;
		};
		D68535F41BBB6930007CFD48 /* Release */ = {
			isa = XCBuildConfiguration;
			buildSettings = {
				INFOPLIST_FILE = BluetoothTestUITests/Info.plist;
				LD_RUNPATH_SEARCH_PATHS = "$(inherited) @executable_path/Frameworks @loader_path/Frameworks";
				PRODUCT_BUNDLE_IDENTIFIER = org.liuyang.BluetoothTestUITests;
				PRODUCT_NAME = "$(TARGET_NAME)";
				TEST_TARGET_NAME = BluetoothTest;
				USES_XCTRUNNER = YES;
			};
			name = Release;
		};
/* End XCBuildConfiguration section */

/* Begin XCConfigurationList section */
		D68535BC1BBB692F007CFD48 /* Build configuration list for PBXProject "BluetoothTest" */ = {
			isa = XCConfigurationList;
			buildConfigurations = (
				D68535EA1BBB6930007CFD48 /* Debug */,
				D68535EB1BBB6930007CFD48 /* Release */,
			);
			defaultConfigurationIsVisible = 0;
			defaultConfigurationName = Release;
		};
		D68535EC1BBB6930007CFD48 /* Build configuration list for PBXNativeTarget "BluetoothTest" */ = {
			isa = XCConfigurationList;
			buildConfigurations = (
				D68535ED1BBB6930007CFD48 /* Debug */,
				D68535EE1BBB6930007CFD48 /* Release */,
			);
			defaultConfigurationIsVisible = 0;
		};
		D68535EF1BBB6930007CFD48 /* Build configuration list for PBXNativeTarget "BluetoothTestTests" */ = {
			isa = XCConfigurationList;
			buildConfigurations = (
				D68535F01BBB6930007CFD48 /* Debug */,
				D68535F11BBB6930007CFD48 /* Release */,
			);
			defaultConfigurationIsVisible = 0;
		};
		D68535F21BBB6930007CFD48 /* Build configuration list for PBXNativeTarget "BluetoothTestUITests" */ = {
			isa = XCConfigurationList;
			buildConfigurations = (
				D68535F31BBB6930007CFD48 /* Debug */,
				D68535F41BBB6930007CFD48 /* Release */,
			);
			defaultConfigurationIsVisible = 0;
		};
/* End XCConfigurationList section */

/* Begin XCVersionGroup section */
		D68535CB1BBB692F007CFD48 /* BluetoothTest.xcdatamodeld */ = {
			isa = XCVersionGroup;
			children = (
				D68535CC1BBB692F007CFD48 /* BluetoothTest.xcdatamodel */,
			);
			currentVersion = D68535CC1BBB692F007CFD48 /* BluetoothTest.xcdatamodel */;
			path = BluetoothTest.xcdatamodeld;
			sourceTree = "<group>";
			versionGroupType = wrapper.xcdatamodel;
		};
/* End XCVersionGroup section */
	};
	rootObject = D68535B91BBB692F007CFD48 /* Project object */;
}
